
Microsoft Visual Studio Solution File, Format Version 12.00
# Visual Studio Version 16
VisualStudioVersion = 16.0.31702.278
MinimumVisualStudioVersion = 10.0.40219.1
Project("{FAE04EC0-301F-11D3-BF4B-00C04F79EFBC}") = "OnlineScheduling", "OnlineScheduling\OnlineScheduling.csproj", "{EA1A4733-AFE8-4FDE-B16D-7A5D30DC9CFE}"
EndProject
Global
	GlobalSection(SolutionConfigurationPlatforms) = preSolution
		Debug|Any CPU = Debug|Any CPU
		Release|Any CPU = Release|Any CPU
	EndGlobalSection
	GlobalSection(ProjectConfigurationPlatforms) = postSolution
		{EA1A4733-AFE8-4FDE-B16D-7A5D30DC9CFE}.Debug|Any CPU.ActiveCfg = Debug|Any CPU
		{EA1A4733-AFE8-4FDE-B16D-7A5D30DC9CFE}.Debug|Any CPU.Build.0 = Debug|Any CPU
		{EA1A4733-AFE8-4FDE-B16D-7A5D30DC9CFE}.Release|Any CPU.ActiveCfg = Release|Any CPU
		{EA1A4733-AFE8-4FDE-B16D-7A5D30DC9CFE}.Release|Any CPU.Build.0 = Release|Any CPU
	EndGlobalSection
	GlobalSection(SolutionProperties) = preSolution
		HideSolutionNode = FALSE
	EndGlobalSection
	GlobalSection(ExtensibilityGlobals) = postSolution
		SolutionGuid = {8680BEFD-641B-4DD8-B7DB-6E0918A12DFA}
	EndGlobalSection
EndGlobal
